
Microsoft Visual Studio Solution File, Format Version 12.00
# Visual Studio 15
VisualStudioVersion = 15.0.27130.2010
MinimumVisualStudioVersion = 10.0.40219.1
Project("{2150E333-8FDC-42A3-9474-1A3956D46DE8}") = "BLL", "BLL", "{2A10ADC9-ED8C-45E2-95DB-CA9A241B4246}"
EndProject
Project("{9A19103F-16F7-4668-BE54-9A1E7A4F7556}") = "JTCM.Services", "JTCM.Services\JTCM.Services.csproj", "{40C5D370-CAF0-4606-955B-5D514C08DE9C}"
EndProject
Project("{9A19103F-16F7-4668-BE54-9A1E7A4F7556}") = "JTCM.Services.Interfaces", "JTMC.Services.Interfaces\JTCM.Services.Interfaces.csproj", "{B9292DED-EB68-408A-BA55-6EF2A7AFF1C1}"
EndProject
Project("{2150E333-8FDC-42A3-9474-1A3956D46DE8}") = "CrossCutting", "CrossCutting", "{B51EE684-BFA4-4CCE-9AFC-DE571EBC34E5}"
EndProject
Project("{9A19103F-16F7-4668-BE54-9A1E7A4F7556}") = "JTCM.Model", "JTCM.Model\JTCM.Model.csproj", "{416F7127-115A-46CC-9ECC-96082A1542B1}"
EndProject
Project("{2150E333-8FDC-42A3-9474-1A3956D46DE8}") = "DAL", "DAL", "{63C847CE-6A66-4BC2-894D-2EC196BA87A5}"
EndProject
Project("{2150E333-8FDC-42A3-9474-1A3956D46DE8}") = "Database", "Database", "{6CFBD481-A0D1-4191-A4D1-F927DAFD5CBD}"
EndProject
Project("{9A19103F-16F7-4668-BE54-9A1E7A4F7556}") = "JTCM.DAL", "JTCM.DAL\JTCM.DAL.csproj", "{DEDD9A62-4E17-4E7F-9CEB-3BBCCCB8AE27}"
EndProject
Project("{9A19103F-16F7-4668-BE54-9A1E7A4F7556}") = "JTCM.DAL.Interfaces", "JTCM.DAL.Interfaces\JTCM.DAL.Interfaces.csproj", "{5E933CE3-4D28-4C2B-8113-F29DFC9A6C50}"
EndProject
Project("{2150E333-8FDC-42A3-9474-1A3956D46DE8}") = "Tests", "Tests", "{B9F791B6-EABB-42E0-B830-50A57ED406A9}"
EndProject
Project("{9A19103F-16F7-4668-BE54-9A1E7A4F7556}") = "JTCM.Services.Tests", "JTCM.Services.Tests\JTCM.Services.Tests.csproj", "{713D88BA-502C-4A78-A028-5CC0D112DA76}"
EndProject
Project("{9A19103F-16F7-4668-BE54-9A1E7A4F7556}") = "JTCM.MVC.Web", "JTCM.MVC.Web\JTCM.MVC.Web.csproj", "{A46514E1-124B-4272-882F-D823E952973E}"
EndProject
Project("{9A19103F-16F7-4668-BE54-9A1E7A4F7556}") = "JTCM.Mappings", "JTCM.Mappings\JTCM.Mappings.csproj", "{B73EF7F0-61B2-48CE-800D-BB9B55004A79}"
EndProject
Project("{9A19103F-16F7-4668-BE54-9A1E7A4F7556}") = "JTCM.Logging", "JTCM.Logging\JTCM.Logging.csproj", "{2A44D50B-B5AC-442A-8ABE-C1B2020D25B5}"
EndProject
Project("{9A19103F-16F7-4668-BE54-9A1E7A4F7556}") = "Api", "Api\Api.csproj", "{E6F9C06D-E19C-409A-A2FF-AD9649525D68}"
EndProject
Project("{FAE04EC0-301F-11D3-BF4B-00C04F79EFBC}") = "TypeScript", "TypeScript\TypeScript.csproj", "{4CF92AF6-CFCF-4020-A3DB-B083EA43D267}"
EndProject
Global
	GlobalSection(SolutionConfigurationPlatforms) = preSolution
		Debug|Any CPU = Debug|Any CPU
		Release|Any CPU = Release|Any CPU
	EndGlobalSection
	GlobalSection(ProjectConfigurationPlatforms) = postSolution
		{40C5D370-CAF0-4606-955B-5D514C08DE9C}.Debug|Any CPU.ActiveCfg = Debug|Any CPU
		{40C5D370-CAF0-4606-955B-5D514C08DE9C}.Debug|Any CPU.Build.0 = Debug|Any CPU
		{40C5D370-CAF0-4606-955B-5D514C08DE9C}.Release|Any CPU.ActiveCfg = Release|Any CPU
		{40C5D370-CAF0-4606-955B-5D514C08DE9C}.Release|Any CPU.Build.0 = Release|Any CPU
		{B9292DED-EB68-408A-BA55-6EF2A7AFF1C1}.Debug|Any CPU.ActiveCfg = Debug|Any CPU
		{B9292DED-EB68-408A-BA55-6EF2A7AFF1C1}.Debug|Any CPU.Build.0 = Debug|Any CPU
		{B9292DED-EB68-408A-BA55-6EF2A7AFF1C1}.Release|Any CPU.ActiveCfg = Release|Any CPU
		{B9292DED-EB68-408A-BA55-6EF2A7AFF1C1}.Release|Any CPU.Build.0 = Release|Any CPU
		{416F7127-115A-46CC-9ECC-96082A1542B1}.Debug|Any CPU.ActiveCfg = Debug|Any CPU
		{416F7127-115A-46CC-9ECC-96082A1542B1}.Debug|Any CPU.Build.0 = Debug|Any CPU
		{416F7127-115A-46CC-9ECC-96082A1542B1}.Release|Any CPU.ActiveCfg = Release|Any CPU
		{416F7127-115A-46CC-9ECC-96082A1542B1}.Release|Any CPU.Build.0 = Release|Any CPU
		{DEDD9A62-4E17-4E7F-9CEB-3BBCCCB8AE27}.Debug|Any CPU.ActiveCfg = Debug|Any CPU
		{DEDD9A62-4E17-4E7F-9CEB-3BBCCCB8AE27}.Debug|Any CPU.Build.0 = Debug|Any CPU
		{DEDD9A62-4E17-4E7F-9CEB-3BBCCCB8AE27}.Release|Any CPU.ActiveCfg = Release|Any CPU
		{DEDD9A62-4E17-4E7F-9CEB-3BBCCCB8AE27}.Release|Any CPU.Build.0 = Release|Any CPU
		{5E933CE3-4D28-4C2B-8113-F29DFC9A6C50}.Debug|Any CPU.ActiveCfg = Debug|Any CPU
		{5E933CE3-4D28-4C2B-8113-F29DFC9A6C50}.Debug|Any CPU.Build.0 = Debug|Any CPU
		{5E933CE3-4D28-4C2B-8113-F29DFC9A6C50}.Release|Any CPU.ActiveCfg = Release|Any CPU
		{5E933CE3-4D28-4C2B-8113-F29DFC9A6C50}.Release|Any CPU.Build.0 = Release|Any CPU
		{713D88BA-502C-4A78-A028-5CC0D112DA76}.Debug|Any CPU.ActiveCfg = Debug|Any CPU
		{713D88BA-502C-4A78-A028-5CC0D112DA76}.Debug|Any CPU.Build.0 = Debug|Any CPU
		{713D88BA-502C-4A78-A028-5CC0D112DA76}.Release|Any CPU.ActiveCfg = Release|Any CPU
		{713D88BA-502C-4A78-A028-5CC0D112DA76}.Release|Any CPU.Build.0 = Release|Any CPU
		{A46514E1-124B-4272-882F-D823E952973E}.Debug|Any CPU.ActiveCfg = Debug|Any CPU
		{A46514E1-124B-4272-882F-D823E952973E}.Debug|Any CPU.Build.0 = Debug|Any CPU
		{A46514E1-124B-4272-882F-D823E952973E}.Release|Any CPU.ActiveCfg = Release|Any CPU
		{A46514E1-124B-4272-882F-D823E952973E}.Release|Any CPU.Build.0 = Release|Any CPU
		{B73EF7F0-61B2-48CE-800D-BB9B55004A79}.Debug|Any CPU.ActiveCfg = Debug|Any CPU
		{B73EF7F0-61B2-48CE-800D-BB9B55004A79}.Debug|Any CPU.Build.0 = Debug|Any CPU
		{B73EF7F0-61B2-48CE-800D-BB9B55004A79}.Release|Any CPU.ActiveCfg = Release|Any CPU
		{B73EF7F0-61B2-48CE-800D-BB9B55004A79}.Release|Any CPU.Build.0 = Release|Any CPU
		{2A44D50B-B5AC-442A-8ABE-C1B2020D25B5}.Debug|Any CPU.ActiveCfg = Debug|Any CPU
		{2A44D50B-B5AC-442A-8ABE-C1B2020D25B5}.Debug|Any CPU.Build.0 = Debug|Any CPU
		{2A44D50B-B5AC-442A-8ABE-C1B2020D25B5}.Release|Any CPU.ActiveCfg = Release|Any CPU
		{2A44D50B-B5AC-442A-8ABE-C1B2020D25B5}.Release|Any CPU.Build.0 = Release|Any CPU
		{E6F9C06D-E19C-409A-A2FF-AD9649525D68}.Debug|Any CPU.ActiveCfg = Debug|Any CPU
		{E6F9C06D-E19C-409A-A2FF-AD9649525D68}.Debug|Any CPU.Build.0 = Debug|Any CPU
		{E6F9C06D-E19C-409A-A2FF-AD9649525D68}.Release|Any CPU.ActiveCfg = Release|Any CPU
		{E6F9C06D-E19C-409A-A2FF-AD9649525D68}.Release|Any CPU.Build.0 = Release|Any CPU
		{4CF92AF6-CFCF-4020-A3DB-B083EA43D267}.Debug|Any CPU.ActiveCfg = Debug|Any CPU
		{4CF92AF6-CFCF-4020-A3DB-B083EA43D267}.Debug|Any CPU.Build.0 = Debug|Any CPU
		{4CF92AF6-CFCF-4020-A3DB-B083EA43D267}.Release|Any CPU.ActiveCfg = Release|Any CPU
		{4CF92AF6-CFCF-4020-A3DB-B083EA43D267}.Release|Any CPU.Build.0 = Release|Any CPU
	EndGlobalSection
	GlobalSection(SolutionProperties) = preSolution
		HideSolutionNode = FALSE
	EndGlobalSection
	GlobalSection(NestedProjects) = preSolution
		{40C5D370-CAF0-4606-955B-5D514C08DE9C} = {2A10ADC9-ED8C-45E2-95DB-CA9A241B4246}
		{B9292DED-EB68-408A-BA55-6EF2A7AFF1C1} = {2A10ADC9-ED8C-45E2-95DB-CA9A241B4246}
		{416F7127-115A-46CC-9ECC-96082A1542B1} = {B51EE684-BFA4-4CCE-9AFC-DE571EBC34E5}
		{DEDD9A62-4E17-4E7F-9CEB-3BBCCCB8AE27} = {63C847CE-6A66-4BC2-894D-2EC196BA87A5}
		{5E933CE3-4D28-4C2B-8113-F29DFC9A6C50} = {63C847CE-6A66-4BC2-894D-2EC196BA87A5}
		{713D88BA-502C-4A78-A028-5CC0D112DA76} = {B9F791B6-EABB-42E0-B830-50A57ED406A9}
		{B73EF7F0-61B2-48CE-800D-BB9B55004A79} = {B51EE684-BFA4-4CCE-9AFC-DE571EBC34E5}
		{2A44D50B-B5AC-442A-8ABE-C1B2020D25B5} = {B51EE684-BFA4-4CCE-9AFC-DE571EBC34E5}
	EndGlobalSection
	GlobalSection(ExtensibilityGlobals) = postSolution
		SolutionGuid = {E71C218F-88A4-4A44-A113-CDEAA5A907C8}
	EndGlobalSection
	
EndGlobal
